// !$*UTF8*$!
{
	archiveVersion = 1;
	classes = {
	};
	objectVersion = 56;
	objects = {

/* Begin PBXBuildFile section */
		3D340DC62B5EE838005C7D9F /* wvwrapperApp.swift in Sources */ = {isa = PBXBuildFile; fileRef = 3D340DC52B5EE838005C7D9F /* wvwrapperApp.swift */; };
		3D340DC82B5EE838005C7D9F /* ContentView.swift in Sources */ = {isa = PBXBuildFile; fileRef = 3D340DC72B5EE838005C7D9F /* ContentView.swift */; };
		3D340DCA2B5EE838005C7D9F /* Assets.xcassets in Resources */ = {isa = PBXBuildFile; fileRef = 3D340DC92B5EE838005C7D9F /* Assets.xcassets */; };
		3D340DCD2B5EE838005C7D9F /* Preview Assets.xcassets in Resources */ = {isa = PBXBuildFile; fileRef = 3D340DCC2B5EE838005C7D9F /* Preview Assets.xcassets */; };
		3D340DD52B5EEC31005C7D9F /* Config.debug.xcconfig in Resources */ = {isa = PBXBuildFile; fileRef = 3D340DD42B5EEC31005C7D9F /* Config.debug.xcconfig */; };
		3D340DD82B5EEC6D005C7D9F /* Config.release.xcconfig in Resources */ = {isa = PBXBuildFile; fileRef = 3D340DD72B5EEC6D005C7D9F /* Config.release.xcconfig */; };
		3D340DDA2B5EEC7B005C7D9F /* Config.xcconfig in Resources */ = {isa = PBXBuildFile; fileRef = 3D340DD92B5EEC7B005C7D9F /* Config.xcconfig */; };
		3D340DDF2B5EEE5F005C7D9F /* WVView.swift in Sources */ = {isa = PBXBuildFile; fileRef = 3D340DDE2B5EEE5F005C7D9F /* WVView.swift */; };
		3D340DE12B5EF5BD005C7D9F /* WVViewModel.swift in Sources */ = {isa = PBXBuildFile; fileRef = 3D340DE02B5EF5BD005C7D9F /* WVViewModel.swift */; };
		3D340DE32B5F0019005C7D9F /* Const.swift in Sources */ = {isa = PBXBuildFile; fileRef = 3D340DE22B5F0019005C7D9F /* Const.swift */; };
		3D340DE52B5F01E0005C7D9F /* WVDelegate.swift in Sources */ = {isa = PBXBuildFile; fileRef = 3D340DE42B5F01E0005C7D9F /* WVDelegate.swift */; };
		3D340DE72B5F01EE005C7D9F /* WVI.swift in Sources */ = {isa = PBXBuildFile; fileRef = 3D340DE62B5F01EE005C7D9F /* WVI.swift */; };
		3D340DE92B5F0213005C7D9F /* WVView+JsonDictParse.swift in Sources */ = {isa = PBXBuildFile; fileRef = 3D340DE82B5F0213005C7D9F /* WVView+JsonDictParse.swift */; };
		966541F5D972277CE71633BE /* Pods_wvwrapper.framework in Frameworks */ = {isa = PBXBuildFile; fileRef = 40977D1714A47B2C66D6182A /* Pods_wvwrapper.framework */; };
/* End PBXBuildFile section */

/* Begin PBXFileReference section */
		1A6AF8A78550D2A379C642D9 /* Pods-wvwrapper.release.xcconfig */ = {isa = PBXFileReference; includeInIndex = 1; lastKnownFileType = text.xcconfig; name = "Pods-wvwrapper.release.xcconfig"; path = "Target Support Files/Pods-wvwrapper/Pods-wvwrapper.release.xcconfig"; sourceTree = "<group>"; };
		3D340DC22B5EE838005C7D9F /* wvwrapper.app */ = {isa = PBXFileReference; explicitFileType = wrapper.application; includeInIndex = 0; path = wvwrapper.app; sourceTree = BUILT_PRODUCTS_DIR; };
		3D340DC52B5EE838005C7D9F /* wvwrapperApp.swift */ = {isa = PBXFileReference; lastKnownFileType = sourcecode.swift; path = wvwrapperApp.swift; sourceTree = "<group>"; };
		3D340DC72B5EE838005C7D9F /* ContentView.swift */ = {isa = PBXFileReference; lastKnownFileType = sourcecode.swift; path = ContentView.swift; sourceTree = "<group>"; };
		3D340DC92B5EE838005C7D9F /* Assets.xcassets */ = {isa = PBXFileReference; lastKnownFileType = folder.assetcatalog; path = Assets.xcassets; sourceTree = "<group>"; };
		3D340DCC2B5EE838005C7D9F /* Preview Assets.xcassets */ = {isa = PBXFileReference; lastKnownFileType = folder.assetcatalog; path = "Preview Assets.xcassets"; sourceTree = "<group>"; };
		3D340DD42B5EEC31005C7D9F /* Config.debug.xcconfig */ = {isa = PBXFileReference; lastKnownFileType = text.xcconfig; path = Config.debug.xcconfig; sourceTree = "<group>"; };
		3D340DD72B5EEC6D005C7D9F /* Config.release.xcconfig */ = {isa = PBXFileReference; lastKnownFileType = text.xcconfig; path = Config.release.xcconfig; sourceTree = "<group>"; };
		3D340DD92B5EEC7B005C7D9F /* Config.xcconfig */ = {isa = PBXFileReference; lastKnownFileType = text.xcconfig; path = Config.xcconfig; sourceTree = "<group>"; };
		3D340DDE2B5EEE5F005C7D9F /* WVView.swift */ = {isa = PBXFileReference; lastKnownFileType = sourcecode.swift; path = WVView.swift; sourceTree = "<group>"; };
		3D340DE02B5EF5BD005C7D9F /* WVViewModel.swift */ = {isa = PBXFileReference; lastKnownFileType = sourcecode.swift; path = WVViewModel.swift; sourceTree = "<group>"; };
		3D340DE22B5F0019005C7D9F /* Const.swift */ = {isa = PBXFileReference; lastKnownFileType = sourcecode.swift; path = Const.swift; sourceTree = "<group>"; };
		3D340DE42B5F01E0005C7D9F /* WVDelegate.swift */ = {isa = PBXFileReference; lastKnownFileType = sourcecode.swift; path = WVDelegate.swift; sourceTree = "<group>"; };
		3D340DE62B5F01EE005C7D9F /* WVI.swift */ = {isa = PBXFileReference; lastKnownFileType = sourcecode.swift; path = WVI.swift; sourceTree = "<group>"; };
		3D340DE82B5F0213005C7D9F /* WVView+JsonDictParse.swift */ = {isa = PBXFileReference; lastKnownFileType = sourcecode.swift; path = "WVView+JsonDictParse.swift"; sourceTree = "<group>"; };
		40977D1714A47B2C66D6182A /* Pods_wvwrapper.framework */ = {isa = PBXFileReference; explicitFileType = wrapper.framework; includeInIndex = 0; path = Pods_wvwrapper.framework; sourceTree = BUILT_PRODUCTS_DIR; };
		CA53D9260AC50A9CC3FF8261 /* Pods-wvwrapper.debug.xcconfig */ = {isa = PBXFileReference; includeInIndex = 1; lastKnownFileType = text.xcconfig; name = "Pods-wvwrapper.debug.xcconfig"; path = "Target Support Files/Pods-wvwrapper/Pods-wvwrapper.debug.xcconfig"; sourceTree = "<group>"; };
/* End PBXFileReference section */

/* Begin PBXFrameworksBuildPhase section */
		3D340DBF2B5EE838005C7D9F /* Frameworks */ = {
			isa = PBXFrameworksBuildPhase;
			buildActionMask = 2147483647;
			files = (
				966541F5D972277CE71633BE /* Pods_wvwrapper.framework in Frameworks */,
			);
			runOnlyForDeploymentPostprocessing = 0;
		};
/* End PBXFrameworksBuildPhase section */

/* Begin PBXGroup section */
		039D6667782EFFB0CDF82B76 /* Frameworks */ = {
			isa = PBXGroup;
			children = (
				40977D1714A47B2C66D6182A /* Pods_wvwrapper.framework */,
			);
			name = Frameworks;
			sourceTree = "<group>";
		};
		3D340DB92B5EE837005C7D9F = {
			isa = PBXGroup;
			children = (
				3D340DC42B5EE838005C7D9F /* wvwrapper */,
				3D340DC32B5EE838005C7D9F /* Products */,
				8F6137EB76D3663A0690D766 /* Pods */,
				039D6667782EFFB0CDF82B76 /* Frameworks */,
			);
			sourceTree = "<group>";
		};
		3D340DC32B5EE838005C7D9F /* Products */ = {
			isa = PBXGroup;
			children = (
				3D340DC22B5EE838005C7D9F /* wvwrapper.app */,
			);
			name = Products;
			sourceTree = "<group>";
		};
		3D340DC42B5EE838005C7D9F /* wvwrapper */ = {
			isa = PBXGroup;
			children = (
				3D340DD32B5EEB04005C7D9F /* Config */,
				3D340DDD2B5EEE38005C7D9F /* Bridge */,
				3D340DDC2B5EEE30005C7D9F /* Models */,
				3D340DDB2B5EEE28005C7D9F /* WVViews */,
				3D340DC52B5EE838005C7D9F /* wvwrapperApp.swift */,
				3D340DC72B5EE838005C7D9F /* ContentView.swift */,
				3D340DC92B5EE838005C7D9F /* Assets.xcassets */,
				3D340DCB2B5EE838005C7D9F /* Preview Content */,
			);
			path = wvwrapper;
			sourceTree = "<group>";
		};
		3D340DCB2B5EE838005C7D9F /* Preview Content */ = {
			isa = PBXGroup;
			children = (
				3D340DCC2B5EE838005C7D9F /* Preview Assets.xcassets */,
			);
			path = "Preview Content";
			sourceTree = "<group>";
		};
		3D340DD32B5EEB04005C7D9F /* Config */ = {
			isa = PBXGroup;
			children = (
				3D340DD62B5EEC3E005C7D9F /* Firebase */,
				3D340DD92B5EEC7B005C7D9F /* Config.xcconfig */,
				3D340DD42B5EEC31005C7D9F /* Config.debug.xcconfig */,
				3D340DD72B5EEC6D005C7D9F /* Config.release.xcconfig */,
				3D340DE22B5F0019005C7D9F /* Const.swift */,
			);
			path = Config;
			sourceTree = "<group>";
		};
		3D340DD62B5EEC3E005C7D9F /* Firebase */ = {
			isa = PBXGroup;
			children = (
			);
			path = Firebase;
			sourceTree = "<group>";
		};
		3D340DDB2B5EEE28005C7D9F /* WVViews */ = {
			isa = PBXGroup;
			children = (
				3D340DDE2B5EEE5F005C7D9F /* WVView.swift */,
				3D340DE42B5F01E0005C7D9F /* WVDelegate.swift */,
				3D340DE82B5F0213005C7D9F /* WVView+JsonDictParse.swift */,
				3D340DE62B5F01EE005C7D9F /* WVI.swift */,
			);
			path = WVViews;
			sourceTree = "<group>";
		};
		3D340DDC2B5EEE30005C7D9F /* Models */ = {
			isa = PBXGroup;
			children = (
				3D340DE02B5EF5BD005C7D9F /* WVViewModel.swift */,
			);
			path = Models;
			sourceTree = "<group>";
		};
		3D340DDD2B5EEE38005C7D9F /* Bridge */ = {
			isa = PBXGroup;
			children = (
			);
			path = Bridge;
			sourceTree = "<group>";
		};
		8F6137EB76D3663A0690D766 /* Pods */ = {
			isa = PBXGroup;
			children = (
				CA53D9260AC50A9CC3FF8261 /* Pods-wvwrapper.debug.xcconfig */,
				1A6AF8A78550D2A379C642D9 /* Pods-wvwrapper.release.xcconfig */,
			);
			path = Pods;
			sourceTree = "<group>";
		};
/* End PBXGroup section */

/* Begin PBXNativeTarget section */
		3D340DC12B5EE838005C7D9F /* wvwrapper */ = {
			isa = PBXNativeTarget;
			buildConfigurationList = 3D340DD02B5EE838005C7D9F /* Build configuration list for PBXNativeTarget "wvwrapper" */;
			buildPhases = (
				6AF8FDA2584FDFDE8D6F108F /* [CP] Check Pods Manifest.lock */,
				3D340DBE2B5EE838005C7D9F /* Sources */,
				3D340DBF2B5EE838005C7D9F /* Frameworks */,
				3D340DC02B5EE838005C7D9F /* Resources */,
				376E7B861DCCCEBC45D431C1 /* [CP] Embed Pods Frameworks */,
			);
			buildRules = (
			);
			dependencies = (
			);
			name = wvwrapper;
			productName = wvwrapper;
			productReference = 3D340DC22B5EE838005C7D9F /* wvwrapper.app */;
			productType = "com.apple.product-type.application";
		};
/* End PBXNativeTarget section */

/* Begin PBXProject section */
		3D340DBA2B5EE837005C7D9F /* Project object */ = {
			isa = PBXProject;
			attributes = {
				BuildIndependentTargetsInParallel = 1;
				LastSwiftUpdateCheck = 1510;
				LastUpgradeCheck = 1510;
				TargetAttributes = {
					3D340DC12B5EE838005C7D9F = {
						CreatedOnToolsVersion = 15.1;
					};
				};
			};
			buildConfigurationList = 3D340DBD2B5EE837005C7D9F /* Build configuration list for PBXProject "wvwrapper" */;
			compatibilityVersion = "Xcode 14.0";
			developmentRegion = en;
			hasScannedForEncodings = 0;
			knownRegions = (
				en,
				Base,
			);
			mainGroup = 3D340DB92B5EE837005C7D9F;
			productRefGroup = 3D340DC32B5EE838005C7D9F /* Products */;
			projectDirPath = "";
			projectRoot = "";
			targets = (
				3D340DC12B5EE838005C7D9F /* wvwrapper */,
			);
		};
/* End PBXProject section */

/* Begin PBXResourcesBuildPhase section */
		3D340DC02B5EE838005C7D9F /* Resources */ = {
			isa = PBXResourcesBuildPhase;
			buildActionMask = 2147483647;
			files = (
				3D340DCD2B5EE838005C7D9F /* Preview Assets.xcassets in Resources */,
				3D340DDA2B5EEC7B005C7D9F /* Config.xcconfig in Resources */,
				3D340DCA2B5EE838005C7D9F /* Assets.xcassets in Resources */,
				3D340DD52B5EEC31005C7D9F /* Config.debug.xcconfig in Resources */,
				3D340DD82B5EEC6D005C7D9F /* Config.release.xcconfig in Resources */,
			);
			runOnlyForDeploymentPostprocessing = 0;
		};
/* End PBXResourcesBuildPhase section */

/* Begin PBXShellScriptBuildPhase section */
		376E7B861DCCCEBC45D431C1 /* [CP] Embed Pods Frameworks */ = {
			isa = PBXShellScriptBuildPhase;
			buildActionMask = 2147483647;
			files = (
			);
			inputFileListPaths = (
				"${PODS_ROOT}/Target Support Files/Pods-wvwrapper/Pods-wvwrapper-frameworks-${CONFIGURATION}-input-files.xcfilelist",
			);
			name = "[CP] Embed Pods Frameworks";
			outputFileListPaths = (
				"${PODS_ROOT}/Target Support Files/Pods-wvwrapper/Pods-wvwrapper-frameworks-${CONFIGURATION}-output-files.xcfilelist",
			);
			runOnlyForDeploymentPostprocessing = 0;
			shellPath = /bin/sh;
			shellScript = "\"${PODS_ROOT}/Target Support Files/Pods-wvwrapper/Pods-wvwrapper-frameworks.sh\"\n";
			showEnvVarsInLog = 0;
		};
		6AF8FDA2584FDFDE8D6F108F /* [CP] Check Pods Manifest.lock */ = {
			isa = PBXShellScriptBuildPhase;
			buildActionMask = 2147483647;
			files = (
			);
			inputFileListPaths = (
			);
			inputPaths = (
				"${PODS_PODFILE_DIR_PATH}/Podfile.lock",
				"${PODS_ROOT}/Manifest.lock",
			);
			name = "[CP] Check Pods Manifest.lock";
			outputFileListPaths = (
			);
			outputPaths = (
				"$(DERIVED_FILE_DIR)/Pods-wvwrapper-checkManifestLockResult.txt",
			);
			runOnlyForDeploymentPostprocessing = 0;
			shellPath = /bin/sh;
			shellScript = "diff \"${PODS_PODFILE_DIR_PATH}/Podfile.lock\" \"${PODS_ROOT}/Manifest.lock\" > /dev/null\nif [ $? != 0 ] ; then\n    # print error to STDERR\n    echo \"error: The sandbox is not in sync with the Podfile.lock. Run 'pod install' or update your CocoaPods installation.\" >&2\n    exit 1\nfi\n# This output is used by Xcode 'outputs' to avoid re-running this script phase.\necho \"SUCCESS\" > \"${SCRIPT_OUTPUT_FILE_0}\"\n";
			showEnvVarsInLog = 0;
		};
/* End PBXShellScriptBuildPhase section */

/* Begin PBXSourcesBuildPhase section */
		3D340DBE2B5EE838005C7D9F /* Sources */ = {
			isa = PBXSourcesBuildPhase;
			buildActionMask = 2147483647;
			files = (
				3D340DC82B5EE838005C7D9F /* ContentView.swift in Sources */,
				3D340DE92B5F0213005C7D9F /* WVView+JsonDictParse.swift in Sources */,
				3D340DE12B5EF5BD005C7D9F /* WVViewModel.swift in Sources */,
				3D340DC62B5EE838005C7D9F /* wvwrapperApp.swift in Sources */,
				3D340DE72B5F01EE005C7D9F /* WVI.swift in Sources */,
				3D340DDF2B5EEE5F005C7D9F /* WVView.swift in Sources */,
				3D340DE32B5F0019005C7D9F /* Const.swift in Sources */,
				3D340DE52B5F01E0005C7D9F /* WVDelegate.swift in Sources */,
			);
			runOnlyForDeploymentPostprocessing = 0;
		};
/* End PBXSourcesBuildPhase section */

/* Begin XCBuildConfiguration section */
		3D340DCE2B5EE838005C7D9F /* Debug */ = {
			isa = XCBuildConfiguration;
			baseConfigurationReference = 3D340DD42B5EEC31005C7D9F /* Config.debug.xcconfig */;
			buildSettings = {
				ALWAYS_SEARCH_USER_PATHS = NO;
				ASSETCATALOG_COMPILER_GENERATE_SWIFT_ASSET_SYMBOL_EXTENSIONS = YES;
				CLANG_ANALYZER_NONNULL = YES;
				CLANG_ANALYZER_NUMBER_OBJECT_CONVERSION = YES_AGGRESSIVE;
				CLANG_CXX_LANGUAGE_STANDARD = "gnu++20";
				CLANG_ENABLE_MODULES = YES;
				CLANG_ENABLE_OBJC_ARC = YES;
				CLANG_ENABLE_OBJC_WEAK = YES;
				CLANG_WARN_BLOCK_CAPTURE_AUTORELEASING = YES;
				CLANG_WARN_BOOL_CONVERSION = YES;
				CLANG_WARN_COMMA = YES;
				CLANG_WARN_CONSTANT_CONVERSION = YES;
				CLANG_WARN_DEPRECATED_OBJC_IMPLEMENTATIONS = YES;
				CLANG_WARN_DIRECT_OBJC_ISA_USAGE = YES_ERROR;
				CLANG_WARN_DOCUMENTATION_COMMENTS = YES;
				CLANG_WARN_EMPTY_BODY = YES;
				CLANG_WARN_ENUM_CONVERSION = YES;
				CLANG_WARN_INFINITE_RECURSION = YES;
				CLANG_WARN_INT_CONVERSION = YES;
				CLANG_WARN_NON_LITERAL_NULL_CONVERSION = YES;
				CLANG_WARN_OBJC_IMPLICIT_RETAIN_SELF = YES;
				CLANG_WARN_OBJC_LITERAL_CONVERSION = YES;
				CLANG_WARN_OBJC_ROOT_CLASS = YES_ERROR;
				CLANG_WARN_QUOTED_INCLUDE_IN_FRAMEWORK_HEADER = YES;
				CLANG_WARN_RANGE_LOOP_ANALYSIS = YES;
				CLANG_WARN_STRICT_PROTOTYPES = YES;
				CLANG_WARN_SUSPICIOUS_MOVE = YES;
				CLANG_WARN_UNGUARDED_AVAILABILITY = YES_AGGRESSIVE;
				CLANG_WARN_UNREACHABLE_CODE = YES;
				CLANG_WARN__DUPLICATE_METHOD_MATCH = YES;
				COPY_PHASE_STRIP = NO;
				DEBUG_INFORMATION_FORMAT = dwarf;
				ENABLE_STRICT_OBJC_MSGSEND = YES;
				ENABLE_TESTABILITY = YES;
				ENABLE_USER_SCRIPT_SANDBOXING = YES;
				GCC_C_LANGUAGE_STANDARD = gnu17;
				GCC_DYNAMIC_NO_PIC = NO;
				GCC_NO_COMMON_BLOCKS = YES;
				GCC_OPTIMIZATION_LEVEL = 0;
				GCC_PREPROCESSOR_DEFINITIONS = (
					"DEBUG=1",
					"$(inherited)",
				);
				GCC_WARN_64_TO_32_BIT_CONVERSION = YES;
				GCC_WARN_ABOUT_RETURN_TYPE = YES_ERROR;
				GCC_WARN_UNDECLARED_SELECTOR = YES;
				GCC_WARN_UNINITIALIZED_AUTOS = YES_AGGRESSIVE;
				GCC_WARN_UNUSED_FUNCTION = YES;
				GCC_WARN_UNUSED_VARIABLE = YES;
				IPHONEOS_DEPLOYMENT_TARGET = 17.2;
				LOCALIZATION_PREFERS_STRING_CATALOGS = YES;
				MTL_ENABLE_DEBUG_INFO = INCLUDE_SOURCE;
				MTL_FAST_MATH = YES;
				ONLY_ACTIVE_ARCH = YES;
				SDKROOT = iphoneos;
				SWIFT_ACTIVE_COMPILATION_CONDITIONS = "DEBUG $(inherited)";
				SWIFT_OPTIMIZATION_LEVEL = "-Onone";
			};
			name = Debug;
		};
		3D340DCF2B5EE838005C7D9F /* Release */ = {
			isa = XCBuildConfiguration;
			baseConfigurationReference = 3D340DD72B5EEC6D005C7D9F /* Config.release.xcconfig */;
			buildSettings = {
				ALWAYS_SEARCH_USER_PATHS = NO;
				ASSETCATALOG_COMPILER_GENERATE_SWIFT_ASSET_SYMBOL_EXTENSIONS = YES;
				CLANG_ANALYZER_NONNULL = YES;
				CLANG_ANALYZER_NUMBER_OBJECT_CONVERSION = YES_AGGRESSIVE;
				CLANG_CXX_LANGUAGE_STANDARD = "gnu++20";
				CLANG_ENABLE_MODULES = YES;
				CLANG_ENABLE_OBJC_ARC = YES;
				CLANG_ENABLE_OBJC_WEAK = YES;
				CLANG_WARN_BLOCK_CAPTURE_AUTORELEASING = YES;
				CLANG_WARN_BOOL_CONVERSION = YES;
				CLANG_WARN_COMMA = YES;
				CLANG_WARN_CONSTANT_CONVERSION = YES;
				CLANG_WARN_DEPRECATED_OBJC_IMPLEMENTATIONS = YES;
				CLANG_WARN_DIRECT_OBJC_ISA_USAGE = YES_ERROR;
				CLANG_WARN_DOCUMENTATION_COMMENTS = YES;
				CLANG_WARN_EMPTY_BODY = YES;
				CLANG_WARN_ENUM_CONVERSION = YES;
				CLANG_WARN_INFINITE_RECURSION = YES;
				CLANG_WARN_INT_CONVERSION = YES;
				CLANG_WARN_NON_LITERAL_NULL_CONVERSION = YES;
				CLANG_WARN_OBJC_IMPLICIT_RETAIN_SELF = YES;
				CLANG_WARN_OBJC_LITERAL_CONVERSION = YES;
				CLANG_WARN_OBJC_ROOT_CLASS = YES_ERROR;
				CLANG_WARN_QUOTED_INCLUDE_IN_FRAMEWORK_HEADER = YES;
				CLANG_WARN_RANGE_LOOP_ANALYSIS = YES;
				CLANG_WARN_STRICT_PROTOTYPES = YES;
				CLANG_WARN_SUSPICIOUS_MOVE = YES;
				CLANG_WARN_UNGUARDED_AVAILABILITY = YES_AGGRESSIVE;
				CLANG_WARN_UNREACHABLE_CODE = YES;
				CLANG_WARN__DUPLICATE_METHOD_MATCH = YES;
				COPY_PHASE_STRIP = NO;
				DEBUG_INFORMATION_FORMAT = "dwarf-with-dsym";
				ENABLE_NS_ASSERTIONS = NO;
				ENABLE_STRICT_OBJC_MSGSEND = YES;
				ENABLE_USER_SCRIPT_SANDBOXING = YES;
				GCC_C_LANGUAGE_STANDARD = gnu17;
				GCC_NO_COMMON_BLOCKS = YES;
				GCC_WARN_64_TO_32_BIT_CONVERSION = YES;
				GCC_WARN_ABOUT_RETURN_TYPE = YES_ERROR;
				GCC_WARN_UNDECLARED_SELECTOR = YES;
				GCC_WARN_UNINITIALIZED_AUTOS = YES_AGGRESSIVE;
				GCC_WARN_UNUSED_FUNCTION = YES;
				GCC_WARN_UNUSED_VARIABLE = YES;
				IPHONEOS_DEPLOYMENT_TARGET = 17.2;
				LOCALIZATION_PREFERS_STRING_CATALOGS = YES;
				MTL_ENABLE_DEBUG_INFO = NO;
				MTL_FAST_MATH = YES;
				SDKROOT = iphoneos;
				SWIFT_COMPILATION_MODE = wholemodule;
				VALIDATE_PRODUCT = YES;
			};
			name = Release;
		};
		3D340DD12B5EE838005C7D9F /* Debug */ = {
			isa = XCBuildConfiguration;
			baseConfigurationReference = CA53D9260AC50A9CC3FF8261 /* Pods-wvwrapper.debug.xcconfig */;
			buildSettings = {
				ASSETCATALOG_COMPILER_APPICON_NAME = AppIcon;
				ASSETCATALOG_COMPILER_GLOBAL_ACCENT_COLOR_NAME = AccentColor;
				CODE_SIGN_STYLE = Automatic;
				CURRENT_PROJECT_VERSION = 1;
				DEVELOPMENT_ASSET_PATHS = "\"wvwrapper/Preview Content\"";
				DEVELOPMENT_TEAM = DXLJDSFC2D;
				ENABLE_PREVIEWS = YES;
				ENABLE_USER_SCRIPT_SANDBOXING = NO;
				GENERATE_INFOPLIST_FILE = YES;
				INFOPLIST_KEY_UIApplicationSceneManifest_Generation = YES;
				INFOPLIST_KEY_UIApplicationSupportsIndirectInputEvents = YES;
				INFOPLIST_KEY_UILaunchScreen_Generation = YES;
				INFOPLIST_KEY_UISupportedInterfaceOrientations_iPad = "UIInterfaceOrientationPortrait UIInterfaceOrientationPortraitUpsideDown UIInterfaceOrientationLandscapeLeft UIInterfaceOrientationLandscapeRight";
				INFOPLIST_KEY_UISupportedInterfaceOrientations_iPhone = "UIInterfaceOrientationPortrait UIInterfaceOrientationLandscapeLeft UIInterfaceOrientationLandscapeRight";
				IPHONEOS_DEPLOYMENT_TARGET = 15.0;
				LD_RUNPATH_SEARCH_PATHS = (
					"$(inherited)",
					"@executable_path/Frameworks",
				);
				MARKETING_VERSION = 1.0;
				PRODUCT_BUNDLE_IDENTIFIER = xyz.lsy969999.wvwrapper;
				PRODUCT_NAME = "$(TARGET_NAME)";
				SWIFT_EMIT_LOC_STRINGS = YES;
				SWIFT_VERSION = 5.0;
				TARGETED_DEVICE_FAMILY = "1,2";
			};
			name = Debug;
		};
		3D340DD22B5EE838005C7D9F /* Release */ = {
			isa = XCBuildConfiguration;
			baseConfigurationReference = 1A6AF8A78550D2A379C642D9 /* Pods-wvwrapper.release.xcconfig */;
			buildSettings = {
				ASSETCATALOG_COMPILER_APPICON_NAME = AppIcon;
				ASSETCATALOG_COMPILER_GLOBAL_ACCENT_COLOR_NAME = AccentColor;
				CODE_SIGN_STYLE = Automatic;
				CURRENT_PROJECT_VERSION = 1;
				DEVELOPMENT_ASSET_PATHS = "\"wvwrapper/Preview Content\"";
				DEVELOPMENT_TEAM = DXLJDSFC2D;
				ENABLE_PREVIEWS = YES;
				ENABLE_USER_SCRIPT_SANDBOXING = NO;
				GENERATE_INFOPLIST_FILE = YES;
				INFOPLIST_KEY_UIApplicationSceneManifest_Generation = YES;
				INFOPLIST_KEY_UIApplicationSupportsIndirectInputEvents = YES;
				INFOPLIST_KEY_UILaunchScreen_Generation = YES;
				INFOPLIST_KEY_UISupportedInterfaceOrientations_iPad = "UIInterfaceOrientationPortrait UIInterfaceOrientationPortraitUpsideDown UIInterfaceOrientationLandscapeLeft UIInterfaceOrientationLandscapeRight";
				INFOPLIST_KEY_UISupportedInterfaceOrientations_iPhone = "UIInterfaceOrientationPortrait UIInterfaceOrientationLandscapeLeft UIInterfaceOrientationLandscapeRight";
				IPHONEOS_DEPLOYMENT_TARGET = 15.0;
				LD_RUNPATH_SEARCH_PATHS = (
					"$(inherited)",
					"@executable_path/Frameworks",
				);
				MARKETING_VERSION = 1.0;
				PRODUCT_BUNDLE_IDENTIFIER = xyz.lsy969999.wvwrapper;
				PRODUCT_NAME = "$(TARGET_NAME)";
				SWIFT_EMIT_LOC_STRINGS = YES;
				SWIFT_VERSION = 5.0;
				TARGETED_DEVICE_FAMILY = "1,2";
			};
			name = Release;
		};
/* End XCBuildConfiguration section */

/* Begin XCConfigurationList section */
		3D340DBD2B5EE837005C7D9F /* Build configuration list for PBXProject "wvwrapper" */ = {
			isa = XCConfigurationList;
			buildConfigurations = (
				3D340DCE2B5EE838005C7D9F /* Debug */,
				3D340DCF2B5EE838005C7D9F /* Release */,
			);
			defaultConfigurationIsVisible = 0;
			defaultConfigurationName = Release;
		};
		3D340DD02B5EE838005C7D9F /* Build configuration list for PBXNativeTarget "wvwrapper" */ = {
			isa = XCConfigurationList;
			buildConfigurations = (
				3D340DD12B5EE838005C7D9F /* Debug */,
				3D340DD22B5EE838005C7D9F /* Release */,
			);
			defaultConfigurationIsVisible = 0;
			defaultConfigurationName = Release;
		};
/* End XCConfigurationList section */
	};
	rootObject = 3D340DBA2B5EE837005C7D9F /* Project object */;
}
